// !$*UTF8*$!
{
	archiveVersion = 1;
	classes = {
	};
	objectVersion = 50;
	objects = {

/* Begin PBXBuildFile section */
		0120F9E722A34DED0056BF9A /* Functions.swift in Sources */ = {isa = PBXBuildFile; fileRef = 95983A70228F4DBB00D145F9 /* Functions.swift */; };
		0120F9E822A34E1E0056BF9A /* main.swift in Sources */ = {isa = PBXBuildFile; fileRef = 95325762228F47D400D51310 /* main.swift */; };
		0120F9EA22A34E210056BF9A /* Math.swift in Sources */ = {isa = PBXBuildFile; fileRef = 95152F81228FB79E00D41026 /* Math.swift */; };
		0120F9EB22A34E240056BF9A /* Message.swift in Sources */ = {isa = PBXBuildFile; fileRef = 95152F7F228FB6D900D41026 /* Message.swift */; };
		0120F9ED22A352DF0056BF9A /* OutputListener.swift in Sources */ = {isa = PBXBuildFile; fileRef = 0120F9EC22A352DF0056BF9A /* OutputListener.swift */; };
		0158972E22A349C5002B0B01 /* Functions_tests.swift in Sources */ = {isa = PBXBuildFile; fileRef = 0158972D22A349C5002B0B01 /* Functions_tests.swift */; };
		95152F80228FB6D900D41026 /* Message.swift in Sources */ = {isa = PBXBuildFile; fileRef = 95152F7F228FB6D900D41026 /* Message.swift */; };
		95152F82228FB79E00D41026 /* Math.swift in Sources */ = {isa = PBXBuildFile; fileRef = 95152F81228FB79E00D41026 /* Math.swift */; };
		95325763228F47D400D51310 /* main.swift in Sources */ = {isa = PBXBuildFile; fileRef = 95325762228F47D400D51310 /* main.swift */; };
		95983A71228F4DBB00D145F9 /* Functions.swift in Sources */ = {isa = PBXBuildFile; fileRef = 95983A70228F4DBB00D145F9 /* Functions.swift */; };
/* End PBXBuildFile section */

/* Begin PBXContainerItemProxy section */
		0158973322A34A1B002B0B01 /* PBXContainerItemProxy */ = {
			isa = PBXContainerItemProxy;
			containerPortal = 95325757228F47D400D51310 /* Project object */;
			proxyType = 1;
			remoteGlobalIDString = 9532575E228F47D400D51310;
			remoteInfo = factor;
		};
/* End PBXContainerItemProxy section */

/* Begin PBXCopyFilesBuildPhase section */
		9532575D228F47D400D51310 /* CopyFiles */ = {
			isa = PBXCopyFilesBuildPhase;
			buildActionMask = 2147483647;
			dstPath = /usr/share/man/man1/;
			dstSubfolderSpec = 0;
			files = (
			);
			runOnlyForDeploymentPostprocessing = 1;
		};
/* End PBXCopyFilesBuildPhase section */

/* Begin PBXFileReference section */
		0120F9EC22A352DF0056BF9A /* OutputListener.swift */ = {isa = PBXFileReference; fileEncoding = 4; lastKnownFileType = sourcecode.swift; path = OutputListener.swift; sourceTree = "<group>"; };
		0158972B22A349C5002B0B01 /* factor-tests.xctest */ = {isa = PBXFileReference; explicitFileType = wrapper.cfbundle; includeInIndex = 0; path = "factor-tests.xctest"; sourceTree = BUILT_PRODUCTS_DIR; };
		0158972D22A349C5002B0B01 /* Functions_tests.swift */ = {isa = PBXFileReference; lastKnownFileType = sourcecode.swift; path = Functions_tests.swift; sourceTree = "<group>"; };
		0158972F22A349C5002B0B01 /* Info.plist */ = {isa = PBXFileReference; lastKnownFileType = text.plist.xml; path = Info.plist; sourceTree = "<group>"; };
		95152F7F228FB6D900D41026 /* Message.swift */ = {isa = PBXFileReference; lastKnownFileType = sourcecode.swift; path = Message.swift; sourceTree = "<group>"; };
		95152F81228FB79E00D41026 /* Math.swift */ = {isa = PBXFileReference; lastKnownFileType = sourcecode.swift; path = Math.swift; sourceTree = "<group>"; };
		9532575F228F47D400D51310 /* factor */ = {isa = PBXFileReference; explicitFileType = "compiled.mach-o.executable"; includeInIndex = 0; path = factor; sourceTree = BUILT_PRODUCTS_DIR; };
		95325762228F47D400D51310 /* main.swift */ = {isa = PBXFileReference; lastKnownFileType = sourcecode.swift; path = main.swift; sourceTree = "<group>"; };
		9594478B228F48A0003779BD /* README.md */ = {isa = PBXFileReference; fileEncoding = 4; lastKnownFileType = net.daringfireball.markdown; path = README.md; sourceTree = "<group>"; };
		9594478C228F48A0003779BD /* LICENSE */ = {isa = PBXFileReference; fileEncoding = 4; lastKnownFileType = text; path = LICENSE; sourceTree = "<group>"; };
		95983A70228F4DBB00D145F9 /* Functions.swift */ = {isa = PBXFileReference; lastKnownFileType = sourcecode.swift; path = Functions.swift; sourceTree = "<group>"; };
/* End PBXFileReference section */

/* Begin PBXFrameworksBuildPhase section */
		0158972822A349C5002B0B01 /* Frameworks */ = {
			isa = PBXFrameworksBuildPhase;
			buildActionMask = 2147483647;
			files = (
			);
			runOnlyForDeploymentPostprocessing = 0;
		};
		9532575C228F47D400D51310 /* Frameworks */ = {
			isa = PBXFrameworksBuildPhase;
			buildActionMask = 2147483647;
			files = (
			);
			runOnlyForDeploymentPostprocessing = 0;
		};
/* End PBXFrameworksBuildPhase section */

/* Begin PBXGroup section */
		0158972C22A349C5002B0B01 /* factor-tests */ = {
			isa = PBXGroup;
			children = (
				0158972D22A349C5002B0B01 /* Functions_tests.swift */,
				0120F9EC22A352DF0056BF9A /* OutputListener.swift */,
				0158972F22A349C5002B0B01 /* Info.plist */,
			);
			path = "factor-tests";
			sourceTree = "<group>";
		};
		95325756228F47D400D51310 = {
			isa = PBXGroup;
			children = (
				9594478C228F48A0003779BD /* LICENSE */,
				9594478B228F48A0003779BD /* README.md */,
				95325761228F47D400D51310 /* factor */,
				0158972C22A349C5002B0B01 /* factor-tests */,
				95325760228F47D400D51310 /* Products */,
			);
			sourceTree = "<group>";
		};
		95325760228F47D400D51310 /* Products */ = {
			isa = PBXGroup;
			children = (
				9532575F228F47D400D51310 /* factor */,
				0158972B22A349C5002B0B01 /* factor-tests.xctest */,
			);
			name = Products;
			sourceTree = "<group>";
		};
		95325761228F47D400D51310 /* factor */ = {
			isa = PBXGroup;
			children = (
				95325762228F47D400D51310 /* main.swift */,
				95983A70228F4DBB00D145F9 /* Functions.swift */,
				95152F81228FB79E00D41026 /* Math.swift */,
				95152F7F228FB6D900D41026 /* Message.swift */,
			);
			path = factor;
			sourceTree = "<group>";
		};
/* End PBXGroup section */

/* Begin PBXNativeTarget section */
		0158972A22A349C5002B0B01 /* factor-tests */ = {
			isa = PBXNativeTarget;
			buildConfigurationList = 0158973022A349C5002B0B01 /* Build configuration list for PBXNativeTarget "factor-tests" */;
			buildPhases = (
				0158972722A349C5002B0B01 /* Sources */,
				0158972822A349C5002B0B01 /* Frameworks */,
				0158972922A349C5002B0B01 /* Resources */,
			);
			buildRules = (
			);
			dependencies = (
				0158973422A34A1B002B0B01 /* PBXTargetDependency */,
			);
			name = "factor-tests";
			productName = "factor-tests";
			productReference = 0158972B22A349C5002B0B01 /* factor-tests.xctest */;
			productType = "com.apple.product-type.bundle.unit-test";
		};
		9532575E228F47D400D51310 /* factor */ = {
			isa = PBXNativeTarget;
			buildConfigurationList = 95325766228F47D400D51310 /* Build configuration list for PBXNativeTarget "factor" */;
			buildPhases = (
				9532575B228F47D400D51310 /* Sources */,
				9532575C228F47D400D51310 /* Frameworks */,
				9532575D228F47D400D51310 /* CopyFiles */,
			);
			buildRules = (
			);
			dependencies = (
			);
			name = factor;
			productName = factor;
			productReference = 9532575F228F47D400D51310 /* factor */;
			productType = "com.apple.product-type.tool";
		};
/* End PBXNativeTarget section */

/* Begin PBXProject section */
		95325757228F47D400D51310 /* Project object */ = {
			isa = PBXProject;
			attributes = {
				LastSwiftUpdateCheck = 1020;
				LastUpgradeCheck = 1020;
				ORGANIZATIONNAME = ToplessBanana;
				TargetAttributes = {
					0158972A22A349C5002B0B01 = {
						CreatedOnToolsVersion = 10.2.1;
					};
					9532575E228F47D400D51310 = {
						CreatedOnToolsVersion = 10.2.1;
					};
				};
			};
			buildConfigurationList = 9532575A228F47D400D51310 /* Build configuration list for PBXProject "factor" */;
			compatibilityVersion = "Xcode 9.3";
			developmentRegion = en;
			hasScannedForEncodings = 0;
			knownRegions = (
				en,
			);
			mainGroup = 95325756228F47D400D51310;
			productRefGroup = 95325760228F47D400D51310 /* Products */;
			projectDirPath = "";
			projectRoot = "";
			targets = (
				9532575E228F47D400D51310 /* factor */,
				0158972A22A349C5002B0B01 /* factor-tests */,
			);
		};
/* End PBXProject section */

/* Begin PBXResourcesBuildPhase section */
		0158972922A349C5002B0B01 /* Resources */ = {
			isa = PBXResourcesBuildPhase;
			buildActionMask = 2147483647;
			files = (
			);
			runOnlyForDeploymentPostprocessing = 0;
		};
/* End PBXResourcesBuildPhase section */

/* Begin PBXSourcesBuildPhase section */
		0158972722A349C5002B0B01 /* Sources */ = {
			isa = PBXSourcesBuildPhase;
			buildActionMask = 2147483647;
			files = (
				0120F9ED22A352DF0056BF9A /* OutputListener.swift in Sources */,
				0158972E22A349C5002B0B01 /* Functions_tests.swift in Sources */,
				0120F9E722A34DED0056BF9A /* Functions.swift in Sources */,
				0120F9EB22A34E240056BF9A /* Message.swift in Sources */,
				0120F9E822A34E1E0056BF9A /* main.swift in Sources */,
				0120F9EA22A34E210056BF9A /* Math.swift in Sources */,
			);
			runOnlyForDeploymentPostprocessing = 0;
		};
		9532575B228F47D400D51310 /* Sources */ = {
			isa = PBXSourcesBuildPhase;
			buildActionMask = 2147483647;
			files = (
				95325763228F47D400D51310 /* main.swift in Sources */,
				95152F80228FB6D900D41026 /* Message.swift in Sources */,
				95983A71228F4DBB00D145F9 /* Functions.swift in Sources */,
				95152F82228FB79E00D41026 /* Math.swift in Sources */,
			);
			runOnlyForDeploymentPostprocessing = 0;
		};
/* End PBXSourcesBuildPhase section */

/* Begin PBXTargetDependency section */
		0158973422A34A1B002B0B01 /* PBXTargetDependency */ = {
			isa = PBXTargetDependency;
			target = 9532575E228F47D400D51310 /* factor */;
			targetProxy = 0158973322A34A1B002B0B01 /* PBXContainerItemProxy */;
		};
/* End PBXTargetDependency section */

/* Begin XCBuildConfiguration section */
		0158973122A349C5002B0B01 /* Debug */ = {
			isa = XCBuildConfiguration;
			buildSettings = {
				CODE_SIGN_STYLE = Automatic;
				COMBINE_HIDPI_IMAGES = YES;
				DEVELOPMENT_TEAM = WPM3555LTQ;
				INFOPLIST_FILE = "factor-tests/Info.plist";
				LD_RUNPATH_SEARCH_PATHS = (
					"$(inherited)",
					"@executable_path/../Frameworks",
					"@loader_path/../Frameworks",
				);
				PRODUCT_BUNDLE_IDENTIFIER = "ToplessBanana.factor-tests";
				PRODUCT_NAME = "$(TARGET_NAME)";
				SWIFT_VERSION = 5.0;
			};
			name = Debug;
		};
		0158973222A349C5002B0B01 /* Release */ = {
			isa = XCBuildConfiguration;
			buildSettings = {
				CODE_SIGN_STYLE = Automatic;
				COMBINE_HIDPI_IMAGES = YES;
				DEVELOPMENT_TEAM = WPM3555LTQ;
				INFOPLIST_FILE = "factor-tests/Info.plist";
				LD_RUNPATH_SEARCH_PATHS = (
					"$(inherited)",
					"@executable_path/../Frameworks",
					"@loader_path/../Frameworks",
				);
				PRODUCT_BUNDLE_IDENTIFIER = "ToplessBanana.factor-tests";
				PRODUCT_NAME = "$(TARGET_NAME)";
				SWIFT_VERSION = 5.0;
			};
			name = Release;
		};
		95325764228F47D400D51310 /* Debug */ = {
			isa = XCBuildConfiguration;
			buildSettings = {
				ALWAYS_SEARCH_USER_PATHS = NO;
				CLANG_ANALYZER_NONNULL = YES;
				CLANG_ANALYZER_NUMBER_OBJECT_CONVERSION = YES_AGGRESSIVE;
				CLANG_CXX_LANGUAGE_STANDARD = "gnu++14";
				CLANG_CXX_LIBRARY = "libc++";
				CLANG_ENABLE_MODULES = YES;
				CLANG_ENABLE_OBJC_ARC = YES;
				CLANG_ENABLE_OBJC_WEAK = YES;
				CLANG_WARN_BLOCK_CAPTURE_AUTORELEASING = YES;
				CLANG_WARN_BOOL_CONVERSION = YES;
				CLANG_WARN_COMMA = YES;
				CLANG_WARN_CONSTANT_CONVERSION = YES;
				CLANG_WARN_DEPRECATED_OBJC_IMPLEMENTATIONS = YES;
				CLANG_WARN_DIRECT_OBJC_ISA_USAGE = YES_ERROR;
				CLANG_WARN_DOCUMENTATION_COMMENTS = YES;
				CLANG_WARN_EMPTY_BODY = YES;
				CLANG_WARN_ENUM_CONVERSION = YES;
				CLANG_WARN_INFINITE_RECURSION = YES;
				CLANG_WARN_INT_CONVERSION = YES;
				CLANG_WARN_NON_LITERAL_NULL_CONVERSION = YES;
				CLANG_WARN_OBJC_IMPLICIT_RETAIN_SELF = YES;
				CLANG_WARN_OBJC_LITERAL_CONVERSION = YES;
				CLANG_WARN_OBJC_ROOT_CLASS = YES_ERROR;
				CLANG_WARN_RANGE_LOOP_ANALYSIS = YES;
				CLANG_WARN_STRICT_PROTOTYPES = YES;
				CLANG_WARN_SUSPICIOUS_MOVE = YES;
				CLANG_WARN_UNGUARDED_AVAILABILITY = YES_AGGRESSIVE;
				CLANG_WARN_UNREACHABLE_CODE = YES;
				CLANG_WARN__DUPLICATE_METHOD_MATCH = YES;
				CODE_SIGN_IDENTITY = "Mac Developer";
				COPY_PHASE_STRIP = NO;
				DEBUG_INFORMATION_FORMAT = dwarf;
				ENABLE_STRICT_OBJC_MSGSEND = YES;
				ENABLE_TESTABILITY = YES;
				GCC_C_LANGUAGE_STANDARD = gnu11;
				GCC_DYNAMIC_NO_PIC = NO;
				GCC_NO_COMMON_BLOCKS = YES;
				GCC_OPTIMIZATION_LEVEL = 0;
				GCC_PREPROCESSOR_DEFINITIONS = (
					"DEBUG=1",
					"$(inherited)",
				);
				GCC_WARN_64_TO_32_BIT_CONVERSION = YES;
				GCC_WARN_ABOUT_RETURN_TYPE = YES_ERROR;
				GCC_WARN_UNDECLARED_SELECTOR = YES;
				GCC_WARN_UNINITIALIZED_AUTOS = YES_AGGRESSIVE;
				GCC_WARN_UNUSED_FUNCTION = YES;
				GCC_WARN_UNUSED_VARIABLE = YES;
				MACOSX_DEPLOYMENT_TARGET = 10.14;
				MTL_ENABLE_DEBUG_INFO = INCLUDE_SOURCE;
				MTL_FAST_MATH = YES;
				ONLY_ACTIVE_ARCH = YES;
				SDKROOT = macosx;
				SWIFT_ACTIVE_COMPILATION_CONDITIONS = DEBUG;
				SWIFT_OPTIMIZATION_LEVEL = "-Onone";
				SWIFT_VERSION = 5.0;
			};
			name = Debug;
		};
		95325765228F47D400D51310 /* Release */ = {
			isa = XCBuildConfiguration;
			buildSettings = {
				ALWAYS_SEARCH_USER_PATHS = NO;
				CLANG_ANALYZER_NONNULL = YES;
				CLANG_ANALYZER_NUMBER_OBJECT_CONVERSION = YES_AGGRESSIVE;
				CLANG_CXX_LANGUAGE_STANDARD = "gnu++14";
				CLANG_CXX_LIBRARY = "libc++";
				CLANG_ENABLE_MODULES = YES;
				CLANG_ENABLE_OBJC_ARC = YES;
				CLANG_ENABLE_OBJC_WEAK = YES;
				CLANG_WARN_BLOCK_CAPTURE_AUTORELEASING = YES;
				CLANG_WARN_BOOL_CONVERSION = YES;
				CLANG_WARN_COMMA = YES;
				CLANG_WARN_CONSTANT_CONVERSION = YES;
				CLANG_WARN_DEPRECATED_OBJC_IMPLEMENTATIONS = YES;
				CLANG_WARN_DIRECT_OBJC_ISA_USAGE = YES_ERROR;
				CLANG_WARN_DOCUMENTATION_COMMENTS = YES;
				CLANG_WARN_EMPTY_BODY = YES;
				CLANG_WARN_ENUM_CONVERSION = YES;
				CLANG_WARN_INFINITE_RECURSION = YES;
				CLANG_WARN_INT_CONVERSION = YES;
				CLANG_WARN_NON_LITERAL_NULL_CONVERSION = YES;
				CLANG_WARN_OBJC_IMPLICIT_RETAIN_SELF = YES;
				CLANG_WARN_OBJC_LITERAL_CONVERSION = YES;
				CLANG_WARN_OBJC_ROOT_CLASS = YES_ERROR;
				CLANG_WARN_RANGE_LOOP_ANALYSIS = YES;
				CLANG_WARN_STRICT_PROTOTYPES = YES;
				CLANG_WARN_SUSPICIOUS_MOVE = YES;
				CLANG_WARN_UNGUARDED_AVAILABILITY = YES_AGGRESSIVE;
				CLANG_WARN_UNREACHABLE_CODE = YES;
				CLANG_WARN__DUPLICATE_METHOD_MATCH = YES;
				CODE_SIGN_IDENTITY = "Mac Developer";
				COPY_PHASE_STRIP = NO;
				DEBUG_INFORMATION_FORMAT = "dwarf-with-dsym";
				ENABLE_NS_ASSERTIONS = NO;
				ENABLE_STRICT_OBJC_MSGSEND = YES;
				GCC_C_LANGUAGE_STANDARD = gnu11;
				GCC_NO_COMMON_BLOCKS = YES;
				GCC_WARN_64_TO_32_BIT_CONVERSION = YES;
				GCC_WARN_ABOUT_RETURN_TYPE = YES_ERROR;
				GCC_WARN_UNDECLARED_SELECTOR = YES;
				GCC_WARN_UNINITIALIZED_AUTOS = YES_AGGRESSIVE;
				GCC_WARN_UNUSED_FUNCTION = YES;
				GCC_WARN_UNUSED_VARIABLE = YES;
				MACOSX_DEPLOYMENT_TARGET = 10.14;
				MTL_ENABLE_DEBUG_INFO = NO;
				MTL_FAST_MATH = YES;
				SDKROOT = macosx;
				SWIFT_COMPILATION_MODE = wholemodule;
				SWIFT_OPTIMIZATION_LEVEL = "-O";
				SWIFT_VERSION = 5.0;
			};
			name = Release;
		};
		95325767228F47D400D51310 /* Debug */ = {
			isa = XCBuildConfiguration;
			buildSettings = {
				CODE_SIGN_IDENTITY = "Mac Developer";
				CODE_SIGN_STYLE = Automatic;
				DEFINES_MODULE = YES;
				DEVELOPMENT_TEAM = WPM3555LTQ;
				PRODUCT_NAME = "$(TARGET_NAME)";
				PROVISIONING_PROFILE_SPECIFIER = "";
				SWIFT_VERSION = 5.0;
			};
			name = Debug;
		};
		95325768228F47D400D51310 /* Release */ = {
			isa = XCBuildConfiguration;
			buildSettings = {
				CODE_SIGN_IDENTITY = "Mac Developer";
				CODE_SIGN_STYLE = Automatic;
				DEFINES_MODULE = YES;
				DEVELOPMENT_TEAM = WPM3555LTQ;
				PRODUCT_NAME = "$(TARGET_NAME)";
				PROVISIONING_PROFILE_SPECIFIER = "";
				SWIFT_VERSION = 5.0;
			};
			name = Release;
		};
/* End XCBuildConfiguration section */

/* Begin XCConfigurationList section */
		0158973022A349C5002B0B01 /* Build configuration list for PBXNativeTarget "factor-tests" */ = {
			isa = XCConfigurationList;
			buildConfigurations = (
				0158973122A349C5002B0B01 /* Debug */,
				0158973222A349C5002B0B01 /* Release */,
			);
			defaultConfigurationIsVisible = 0;
			defaultConfigurationName = Release;
		};
		9532575A228F47D400D51310 /* Build configuration list for PBXProject "factor" */ = {
			isa = XCConfigurationList;
			buildConfigurations = (
				95325764228F47D400D51310 /* Debug */,
				95325765228F47D400D51310 /* Release */,
			);
			defaultConfigurationIsVisible = 0;
			defaultConfigurationName = Release;
		};
		95325766228F47D400D51310 /* Build configuration list for PBXNativeTarget "factor" */ = {
			isa = XCConfigurationList;
			buildConfigurations = (
				95325767228F47D400D51310 /* Debug */,
				95325768228F47D400D51310 /* Release */,
			);
			defaultConfigurationIsVisible = 0;
			defaultConfigurationName = Release;
		};
/* End XCConfigurationList section */
	};
	rootObject = 95325757228F47D400D51310 /* Project object */;
}
